// !$*UTF8*$!
{
	archiveVersion = 1;
	classes = {
	};
	objectVersion = 50;
	objects = {

/* Begin PBXBuildFile section */
		AE0E8EC4261D75E1000BB7E0 /* Mock_DBAccess.swift in Sources */ = {isa = PBXBuildFile; fileRef = AE0E8EC3261D75E1000BB7E0 /* Mock_DBAccess.swift */; };
		AE2313CA260AC58300A21B17 /* AddItemViewController.swift in Sources */ = {isa = PBXBuildFile; fileRef = AE2313C9260AC58300A21B17 /* AddItemViewController.swift */; };
		AE4A488E260BF12500E45D96 /* libsqlite3.tbd in Frameworks */ = {isa = PBXBuildFile; fileRef = AE4A488D260BF12500E45D96 /* libsqlite3.tbd */; };
		AE5E1637261D66EE00993DDB /* SQLite.framework in Frameworks */ = {isa = PBXBuildFile; fileRef = AE5E1621261D66DA00993DDB /* SQLite.framework */; };
		AE5E1638261D66EE00993DDB /* SQLite.framework in Embed Frameworks */ = {isa = PBXBuildFile; fileRef = AE5E1621261D66DA00993DDB /* SQLite.framework */; settings = {ATTRIBUTES = (CodeSignOnCopy, RemoveHeadersOnCopy, ); }; };
		AE65321B261CC02400EC8A4A /* EditItemViewController.swift in Sources */ = {isa = PBXBuildFile; fileRef = AE65321A261CC02400EC8A4A /* EditItemViewController.swift */; };
		AE65321F261CC09A00EC8A4A /* ItemViewController.swift in Sources */ = {isa = PBXBuildFile; fileRef = AE65321E261CC09A00EC8A4A /* ItemViewController.swift */; };
		AE6E54C0260B0B5E004CE1EB /* AddItemVCTests.swift in Sources */ = {isa = PBXBuildFile; fileRef = AE6E54BF260B0B5E004CE1EB /* AddItemVCTests.swift */; };
		AE7F70C62613A24900253CAE /* DBAccess.swift in Sources */ = {isa = PBXBuildFile; fileRef = AE7F70C52613A24900253CAE /* DBAccess.swift */; };
		AE99B281261D72E1004B846E /* CRUD_Tests.swift in Sources */ = {isa = PBXBuildFile; fileRef = AE99B280261D72E1004B846E /* CRUD_Tests.swift */; };
		AEE23CFA260A729000AABD40 /* AppDelegate.swift in Sources */ = {isa = PBXBuildFile; fileRef = AEE23CF9260A729000AABD40 /* AppDelegate.swift */; };
		AEE23CFC260A729000AABD40 /* SceneDelegate.swift in Sources */ = {isa = PBXBuildFile; fileRef = AEE23CFB260A729000AABD40 /* SceneDelegate.swift */; };
		AEE23CFE260A729000AABD40 /* ListViewController.swift in Sources */ = {isa = PBXBuildFile; fileRef = AEE23CFD260A729000AABD40 /* ListViewController.swift */; };
		AEE23D01260A729000AABD40 /* Main.storyboard in Resources */ = {isa = PBXBuildFile; fileRef = AEE23CFF260A729000AABD40 /* Main.storyboard */; };
		AEE23D04260A729000AABD40 /* harr2890_project.xcdatamodeld in Sources */ = {isa = PBXBuildFile; fileRef = AEE23D02260A729000AABD40 /* harr2890_project.xcdatamodeld */; };
		AEE23D06260A729000AABD40 /* Assets.xcassets in Resources */ = {isa = PBXBuildFile; fileRef = AEE23D05260A729000AABD40 /* Assets.xcassets */; };
		AEE23D09260A729000AABD40 /* LaunchScreen.storyboard in Resources */ = {isa = PBXBuildFile; fileRef = AEE23D07260A729000AABD40 /* LaunchScreen.storyboard */; };
		AEE23D14260A729100AABD40 /* harr2890_projectTests.swift in Sources */ = {isa = PBXBuildFile; fileRef = AEE23D13260A729100AABD40 /* harr2890_projectTests.swift */; };
		AEE23D30260A7C0200AABD40 /* Item.swift in Sources */ = {isa = PBXBuildFile; fileRef = AEE23D2F260A7C0200AABD40 /* Item.swift */; };
/* End PBXBuildFile section */

/* Begin PBXContainerItemProxy section */
		AE5E1620261D66DA00993DDB /* PBXContainerItemProxy */ = {
			isa = PBXContainerItemProxy;
			containerPortal = AE5E1616261D66D900993DDB /* SQLite.xcodeproj */;
			proxyType = 2;
			remoteGlobalIDString = EE247AD31C3F04ED00AE3E12;
			remoteInfo = "SQLite iOS";
		};
		AE5E1622261D66DA00993DDB /* PBXContainerItemProxy */ = {
			isa = PBXContainerItemProxy;
			containerPortal = AE5E1616261D66D900993DDB /* SQLite.xcodeproj */;
			proxyType = 2;
			remoteGlobalIDString = EE247ADD1C3F04ED00AE3E12;
			remoteInfo = "SQLiteTests iOS";
		};
		AE5E1624261D66DA00993DDB /* PBXContainerItemProxy */ = {
			isa = PBXContainerItemProxy;
			containerPortal = AE5E1616261D66D900993DDB /* SQLite.xcodeproj */;
			proxyType = 2;
			remoteGlobalIDString = EE247B3C1C3F3ED000AE3E12;
			remoteInfo = "SQLite Mac";
		};
		AE5E1626261D66DA00993DDB /* PBXContainerItemProxy */ = {
			isa = PBXContainerItemProxy;
			containerPortal = AE5E1616261D66D900993DDB /* SQLite.xcodeproj */;
			proxyType = 2;
			remoteGlobalIDString = EE247B451C3F3ED000AE3E12;
			remoteInfo = "SQLiteTests Mac";
		};
		AE5E1628261D66DA00993DDB /* PBXContainerItemProxy */ = {
			isa = PBXContainerItemProxy;
			containerPortal = AE5E1616261D66D900993DDB /* SQLite.xcodeproj */;
			proxyType = 2;
			remoteGlobalIDString = 03A65E5A1C6BB0F50062603F;
			remoteInfo = "SQLite tvOS";
		};
		AE5E162A261D66DA00993DDB /* PBXContainerItemProxy */ = {
			isa = PBXContainerItemProxy;
			containerPortal = AE5E1616261D66D900993DDB /* SQLite.xcodeproj */;
			proxyType = 2;
			remoteGlobalIDString = 03A65E631C6BB0F60062603F;
			remoteInfo = "SQLiteTests tvOS";
		};
		AE5E162C261D66DA00993DDB /* PBXContainerItemProxy */ = {
			isa = PBXContainerItemProxy;
			containerPortal = AE5E1616261D66D900993DDB /* SQLite.xcodeproj */;
			proxyType = 2;
			remoteGlobalIDString = A121AC451CA35C79005A31D1;
			remoteInfo = "SQLite watchOS";
		};
		AEE23D10260A729100AABD40 /* PBXContainerItemProxy */ = {
			isa = PBXContainerItemProxy;
			containerPortal = AEE23CEE260A729000AABD40 /* Project object */;
			proxyType = 1;
			remoteGlobalIDString = AEE23CF5260A729000AABD40;
			remoteInfo = harr2890_project;
		};
/* End PBXContainerItemProxy section */

/* Begin PBXCopyFilesBuildPhase section */
		AE7F70B626139F9000253CAE /* Embed Frameworks */ = {
			isa = PBXCopyFilesBuildPhase;
			buildActionMask = 2147483647;
			dstPath = "";
			dstSubfolderSpec = 10;
			files = (
				AE5E1638261D66EE00993DDB /* SQLite.framework in Embed Frameworks */,
			);
			name = "Embed Frameworks";
			runOnlyForDeploymentPostprocessing = 0;
		};
/* End PBXCopyFilesBuildPhase section */

/* Begin PBXFileReference section */
		AE0E8EC3261D75E1000BB7E0 /* Mock_DBAccess.swift */ = {isa = PBXFileReference; lastKnownFileType = sourcecode.swift; path = Mock_DBAccess.swift; sourceTree = "<group>"; };
		AE2313C9260AC58300A21B17 /* AddItemViewController.swift */ = {isa = PBXFileReference; lastKnownFileType = sourcecode.swift; path = AddItemViewController.swift; sourceTree = "<group>"; };
		AE4A488D260BF12500E45D96 /* libsqlite3.tbd */ = {isa = PBXFileReference; lastKnownFileType = "sourcecode.text-based-dylib-definition"; name = libsqlite3.tbd; path = usr/lib/libsqlite3.tbd; sourceTree = SDKROOT; };
		AE4A4892260BF1F200E45D96 /* harr2890_project-Bridging-Header.h */ = {isa = PBXFileReference; lastKnownFileType = sourcecode.c.h; path = "harr2890_project-Bridging-Header.h"; sourceTree = "<group>"; };
		AE5E1616261D66D900993DDB /* SQLite.xcodeproj */ = {isa = PBXFileReference; lastKnownFileType = "wrapper.pb-project"; name = SQLite.xcodeproj; path = "SQLite.swift-master/SQLite.xcodeproj"; sourceTree = "<group>"; };
		AE65321A261CC02400EC8A4A /* EditItemViewController.swift */ = {isa = PBXFileReference; lastKnownFileType = sourcecode.swift; path = EditItemViewController.swift; sourceTree = "<group>"; };
		AE65321E261CC09A00EC8A4A /* ItemViewController.swift */ = {isa = PBXFileReference; lastKnownFileType = sourcecode.swift; path = ItemViewController.swift; sourceTree = "<group>"; };
		AE6E54BF260B0B5E004CE1EB /* AddItemVCTests.swift */ = {isa = PBXFileReference; lastKnownFileType = sourcecode.swift; path = AddItemVCTests.swift; sourceTree = "<group>"; };
		AE7F70C52613A24900253CAE /* DBAccess.swift */ = {isa = PBXFileReference; lastKnownFileType = sourcecode.swift; path = DBAccess.swift; sourceTree = "<group>"; };
		AE99B280261D72E1004B846E /* CRUD_Tests.swift */ = {isa = PBXFileReference; lastKnownFileType = sourcecode.swift; path = CRUD_Tests.swift; sourceTree = "<group>"; };
		AEE23CF6260A729000AABD40 /* harr2890_project.app */ = {isa = PBXFileReference; explicitFileType = wrapper.application; includeInIndex = 0; path = harr2890_project.app; sourceTree = BUILT_PRODUCTS_DIR; };
		AEE23CF9260A729000AABD40 /* AppDelegate.swift */ = {isa = PBXFileReference; lastKnownFileType = sourcecode.swift; path = AppDelegate.swift; sourceTree = "<group>"; };
		AEE23CFB260A729000AABD40 /* SceneDelegate.swift */ = {isa = PBXFileReference; lastKnownFileType = sourcecode.swift; path = SceneDelegate.swift; sourceTree = "<group>"; };
		AEE23CFD260A729000AABD40 /* ListViewController.swift */ = {isa = PBXFileReference; lastKnownFileType = sourcecode.swift; path = ListViewController.swift; sourceTree = "<group>"; };
		AEE23D00260A729000AABD40 /* Base */ = {isa = PBXFileReference; lastKnownFileType = file.storyboard; name = Base; path = Base.lproj/Main.storyboard; sourceTree = "<group>"; };
		AEE23D03260A729000AABD40 /* harr2890_project.xcdatamodel */ = {isa = PBXFileReference; lastKnownFileType = wrapper.xcdatamodel; path = harr2890_project.xcdatamodel; sourceTree = "<group>"; };
		AEE23D05260A729000AABD40 /* Assets.xcassets */ = {isa = PBXFileReference; lastKnownFileType = folder.assetcatalog; path = Assets.xcassets; sourceTree = "<group>"; };
		AEE23D08260A729000AABD40 /* Base */ = {isa = PBXFileReference; lastKnownFileType = file.storyboard; name = Base; path = Base.lproj/LaunchScreen.storyboard; sourceTree = "<group>"; };
		AEE23D0A260A729000AABD40 /* Info.plist */ = {isa = PBXFileReference; lastKnownFileType = text.plist.xml; path = Info.plist; sourceTree = "<group>"; };
		AEE23D0F260A729100AABD40 /* harr2890_projectTests.xctest */ = {isa = PBXFileReference; explicitFileType = wrapper.cfbundle; includeInIndex = 0; path = harr2890_projectTests.xctest; sourceTree = BUILT_PRODUCTS_DIR; };
		AEE23D13260A729100AABD40 /* harr2890_projectTests.swift */ = {isa = PBXFileReference; lastKnownFileType = sourcecode.swift; path = harr2890_projectTests.swift; sourceTree = "<group>"; };
		AEE23D15260A729100AABD40 /* Info.plist */ = {isa = PBXFileReference; lastKnownFileType = text.plist.xml; path = Info.plist; sourceTree = "<group>"; };
		AEE23D2F260A7C0200AABD40 /* Item.swift */ = {isa = PBXFileReference; lastKnownFileType = sourcecode.swift; path = Item.swift; sourceTree = "<group>"; };
/* End PBXFileReference section */

/* Begin PBXFrameworksBuildPhase section */
		AEE23CF3260A729000AABD40 /* Frameworks */ = {
			isa = PBXFrameworksBuildPhase;
			buildActionMask = 2147483647;
			files = (
				AE5E1637261D66EE00993DDB /* SQLite.framework in Frameworks */,
				AE4A488E260BF12500E45D96 /* libsqlite3.tbd in Frameworks */,
			);
			runOnlyForDeploymentPostprocessing = 0;
		};
		AEE23D0C260A729100AABD40 /* Frameworks */ = {
			isa = PBXFrameworksBuildPhase;
			buildActionMask = 2147483647;
			files = (
			);
			runOnlyForDeploymentPostprocessing = 0;
		};
/* End PBXFrameworksBuildPhase section */

/* Begin PBXGroup section */
		AE4A488C260BF12400E45D96 /* Frameworks */ = {
			isa = PBXGroup;
			children = (
				AE4A488D260BF12500E45D96 /* libsqlite3.tbd */,
				AE5E1616261D66D900993DDB /* SQLite.xcodeproj */,
			);
			name = Frameworks;
			sourceTree = "<group>";
		};
		AE5E1617261D66D900993DDB /* Products */ = {
			isa = PBXGroup;
			children = (
				AE5E1621261D66DA00993DDB /* SQLite.framework */,
				AE5E1623261D66DA00993DDB /* SQLiteTests iOS.xctest */,
				AE5E1625261D66DA00993DDB /* SQLite.framework */,
				AE5E1627261D66DA00993DDB /* SQLiteTests Mac.xctest */,
				AE5E1629261D66DA00993DDB /* SQLite.framework */,
				AE5E162B261D66DA00993DDB /* SQLiteTests tvOS.xctest */,
				AE5E162D261D66DA00993DDB /* SQLite.framework */,
			);
			name = Products;
			sourceTree = "<group>";
		};
		AE6531DF261CA63700EC8A4A /* BusinessLogic */ = {
			isa = PBXGroup;
			children = (
			);
			path = BusinessLogic;
			sourceTree = "<group>";
		};
		AE7F70B726139FAE00253CAE /* DAL */ = {
			isa = PBXGroup;
			children = (
				AE7F70C52613A24900253CAE /* DBAccess.swift */,
				AE0E8EC3261D75E1000BB7E0 /* Mock_DBAccess.swift */,
			);
			path = DAL;
			sourceTree = "<group>";
		};
		AE7F70B826139FB900253CAE /* Models */ = {
			isa = PBXGroup;
			children = (
				AEE23D2F260A7C0200AABD40 /* Item.swift */,
			);
			path = Models;
			sourceTree = "<group>";
		};
		AE7F70B926139FBE00253CAE /* Views */ = {
			isa = PBXGroup;
			children = (
				AEE23D07260A729000AABD40 /* LaunchScreen.storyboard */,
				AEE23CFF260A729000AABD40 /* Main.storyboard */,
			);
			path = Views;
			sourceTree = "<group>";
		};
		AE7F70BA26139FC800253CAE /* Controllers */ = {
			isa = PBXGroup;
			children = (
				AE2313C9260AC58300A21B17 /* AddItemViewController.swift */,
				AE65321A261CC02400EC8A4A /* EditItemViewController.swift */,
				AEE23CFD260A729000AABD40 /* ListViewController.swift */,
				AE65321E261CC09A00EC8A4A /* ItemViewController.swift */,
			);
			path = Controllers;
			sourceTree = "<group>";
		};
		AE7F70BB26139FD500253CAE /* Delegates */ = {
			isa = PBXGroup;
			children = (
				AEE23CFB260A729000AABD40 /* SceneDelegate.swift */,
				AEE23CF9260A729000AABD40 /* AppDelegate.swift */,
			);
			path = Delegates;
			sourceTree = "<group>";
		};
		AEBF18AA261D832700B9665E /* harr2890_projectUITests */ = {
			isa = PBXGroup;
			children = (
			);
			path = harr2890_projectUITests;
			sourceTree = "<group>";
		};
		AEE23CED260A729000AABD40 = {
			isa = PBXGroup;
			children = (
				AEE23CF8260A729000AABD40 /* harr2890_project */,
				AEE23D12260A729100AABD40 /* harr2890_projectTests */,
				AEBF18AA261D832700B9665E /* harr2890_projectUITests */,
				AEE23CF7260A729000AABD40 /* Products */,
				AE4A488C260BF12400E45D96 /* Frameworks */,
			);
			sourceTree = "<group>";
		};
		AEE23CF7260A729000AABD40 /* Products */ = {
			isa = PBXGroup;
			children = (
				AEE23CF6260A729000AABD40 /* harr2890_project.app */,
				AEE23D0F260A729100AABD40 /* harr2890_projectTests.xctest */,
			);
			name = Products;
			sourceTree = "<group>";
		};
		AEE23CF8260A729000AABD40 /* harr2890_project */ = {
			isa = PBXGroup;
			children = (
				AE6531DF261CA63700EC8A4A /* BusinessLogic */,
				AE7F70BB26139FD500253CAE /* Delegates */,
				AE7F70BA26139FC800253CAE /* Controllers */,
				AE7F70B926139FBE00253CAE /* Views */,
				AE7F70B826139FB900253CAE /* Models */,
				AE7F70B726139FAE00253CAE /* DAL */,
				AEE23D05260A729000AABD40 /* Assets.xcassets */,
				AEE23D0A260A729000AABD40 /* Info.plist */,
				AEE23D02260A729000AABD40 /* harr2890_project.xcdatamodeld */,
				AE4A4892260BF1F200E45D96 /* harr2890_project-Bridging-Header.h */,
			);
			path = harr2890_project;
			sourceTree = "<group>";
		};
		AEE23D12260A729100AABD40 /* harr2890_projectTests */ = {
			isa = PBXGroup;
			children = (
				AEE23D13260A729100AABD40 /* harr2890_projectTests.swift */,
				AEE23D15260A729100AABD40 /* Info.plist */,
				AE6E54BF260B0B5E004CE1EB /* AddItemVCTests.swift */,
				AE99B280261D72E1004B846E /* CRUD_Tests.swift */,
			);
			path = harr2890_projectTests;
			sourceTree = "<group>";
		};
/* End PBXGroup section */

/* Begin PBXNativeTarget section */
		AEE23CF5260A729000AABD40 /* harr2890_project */ = {
			isa = PBXNativeTarget;
			buildConfigurationList = AEE23D23260A729100AABD40 /* Build configuration list for PBXNativeTarget "harr2890_project" */;
			buildPhases = (
				AEE23CF2260A729000AABD40 /* Sources */,
				AEE23CF3260A729000AABD40 /* Frameworks */,
				AEE23CF4260A729000AABD40 /* Resources */,
				AE7F70B626139F9000253CAE /* Embed Frameworks */,
			);
			buildRules = (
			);
			dependencies = (
			);
			name = harr2890_project;
			productName = harr2890_project;
			productReference = AEE23CF6260A729000AABD40 /* harr2890_project.app */;
			productType = "com.apple.product-type.application";
		};
		AEE23D0E260A729100AABD40 /* harr2890_projectTests */ = {
			isa = PBXNativeTarget;
			buildConfigurationList = AEE23D26260A729100AABD40 /* Build configuration list for PBXNativeTarget "harr2890_projectTests" */;
			buildPhases = (
				AEE23D0B260A729100AABD40 /* Sources */,
				AEE23D0C260A729100AABD40 /* Frameworks */,
				AEE23D0D260A729100AABD40 /* Resources */,
			);
			buildRules = (
			);
			dependencies = (
				AEE23D11260A729100AABD40 /* PBXTargetDependency */,
			);
			name = harr2890_projectTests;
			productName = harr2890_projectTests;
			productReference = AEE23D0F260A729100AABD40 /* harr2890_projectTests.xctest */;
			productType = "com.apple.product-type.bundle.unit-test";
		};
/* End PBXNativeTarget section */

/* Begin PBXProject section */
		AEE23CEE260A729000AABD40 /* Project object */ = {
			isa = PBXProject;
			attributes = {
				LastSwiftUpdateCheck = 1230;
				LastUpgradeCheck = 1230;
				TargetAttributes = {
					AEE23CF5260A729000AABD40 = {
						CreatedOnToolsVersion = 12.3;
						LastSwiftMigration = 1230;
					};
					AEE23D0E260A729100AABD40 = {
						CreatedOnToolsVersion = 12.3;
						TestTargetID = AEE23CF5260A729000AABD40;
					};
				};
			};
			buildConfigurationList = AEE23CF1260A729000AABD40 /* Build configuration list for PBXProject "harr2890_project" */;
			compatibilityVersion = "Xcode 9.3";
			developmentRegion = en;
			hasScannedForEncodings = 0;
			knownRegions = (
				en,
				Base,
			);
			mainGroup = AEE23CED260A729000AABD40;
			productRefGroup = AEE23CF7260A729000AABD40 /* Products */;
			projectDirPath = "";
			projectReferences = (
				{
					ProductGroup = AE5E1617261D66D900993DDB /* Products */;
					ProjectRef = AE5E1616261D66D900993DDB /* SQLite.xcodeproj */;
				},
			);
			projectRoot = "";
			targets = (
				AEE23CF5260A729000AABD40 /* harr2890_project */,
				AEE23D0E260A729100AABD40 /* harr2890_projectTests */,
			);
		};
/* End PBXProject section */

/* Begin PBXReferenceProxy section */
		AE5E1621261D66DA00993DDB /* SQLite.framework */ = {
			isa = PBXReferenceProxy;
			fileType = wrapper.framework;
			path = SQLite.framework;
			remoteRef = AE5E1620261D66DA00993DDB /* PBXContainerItemProxy */;
			sourceTree = BUILT_PRODUCTS_DIR;
		};
		AE5E1623261D66DA00993DDB /* SQLiteTests iOS.xctest */ = {
			isa = PBXReferenceProxy;
			fileType = wrapper.cfbundle;
			path = "SQLiteTests iOS.xctest";
			remoteRef = AE5E1622261D66DA00993DDB /* PBXContainerItemProxy */;
			sourceTree = BUILT_PRODUCTS_DIR;
		};
		AE5E1625261D66DA00993DDB /* SQLite.framework */ = {
			isa = PBXReferenceProxy;
			fileType = wrapper.framework;
			path = SQLite.framework;
			remoteRef = AE5E1624261D66DA00993DDB /* PBXContainerItemProxy */;
			sourceTree = BUILT_PRODUCTS_DIR;
		};
		AE5E1627261D66DA00993DDB /* SQLiteTests Mac.xctest */ = {
			isa = PBXReferenceProxy;
			fileType = wrapper.cfbundle;
			path = "SQLiteTests Mac.xctest";
			remoteRef = AE5E1626261D66DA00993DDB /* PBXContainerItemProxy */;
			sourceTree = BUILT_PRODUCTS_DIR;
		};
		AE5E1629261D66DA00993DDB /* SQLite.framework */ = {
			isa = PBXReferenceProxy;
			fileType = wrapper.framework;
			path = SQLite.framework;
			remoteRef = AE5E1628261D66DA00993DDB /* PBXContainerItemProxy */;
			sourceTree = BUILT_PRODUCTS_DIR;
		};
		AE5E162B261D66DA00993DDB /* SQLiteTests tvOS.xctest */ = {
			isa = PBXReferenceProxy;
			fileType = wrapper.cfbundle;
			path = "SQLiteTests tvOS.xctest";
			remoteRef = AE5E162A261D66DA00993DDB /* PBXContainerItemProxy */;
			sourceTree = BUILT_PRODUCTS_DIR;
		};
		AE5E162D261D66DA00993DDB /* SQLite.framework */ = {
			isa = PBXReferenceProxy;
			fileType = wrapper.framework;
			path = SQLite.framework;
			remoteRef = AE5E162C261D66DA00993DDB /* PBXContainerItemProxy */;
			sourceTree = BUILT_PRODUCTS_DIR;
		};
/* End PBXReferenceProxy section */

/* Begin PBXResourcesBuildPhase section */
		AEE23CF4260A729000AABD40 /* Resources */ = {
			isa = PBXResourcesBuildPhase;
			buildActionMask = 2147483647;
			files = (
				AEE23D09260A729000AABD40 /* LaunchScreen.storyboard in Resources */,
				AEE23D06260A729000AABD40 /* Assets.xcassets in Resources */,
				AEE23D01260A729000AABD40 /* Main.storyboard in Resources */,
			);
			runOnlyForDeploymentPostprocessing = 0;
		};
		AEE23D0D260A729100AABD40 /* Resources */ = {
			isa = PBXResourcesBuildPhase;
			buildActionMask = 2147483647;
			files = (
			);
			runOnlyForDeploymentPostprocessing = 0;
		};
/* End PBXResourcesBuildPhase section */

/* Begin PBXSourcesBuildPhase section */
		AEE23CF2260A729000AABD40 /* Sources */ = {
			isa = PBXSourcesBuildPhase;
			buildActionMask = 2147483647;
			files = (
				AE7F70C62613A24900253CAE /* DBAccess.swift in Sources */,
				AEE23D30260A7C0200AABD40 /* Item.swift in Sources */,
				AEE23CFE260A729000AABD40 /* ListViewController.swift in Sources */,
				AE0E8EC4261D75E1000BB7E0 /* Mock_DBAccess.swift in Sources */,
				AE65321B261CC02400EC8A4A /* EditItemViewController.swift in Sources */,
				AEE23CFA260A729000AABD40 /* AppDelegate.swift in Sources */,
				AEE23CFC260A729000AABD40 /* SceneDelegate.swift in Sources */,
				AEE23D04260A729000AABD40 /* harr2890_project.xcdatamodeld in Sources */,
				AE2313CA260AC58300A21B17 /* AddItemViewController.swift in Sources */,
				AE65321F261CC09A00EC8A4A /* ItemViewController.swift in Sources */,
			);
			runOnlyForDeploymentPostprocessing = 0;
		};
		AEE23D0B260A729100AABD40 /* Sources */ = {
			isa = PBXSourcesBuildPhase;
			buildActionMask = 2147483647;
			files = (
				AE99B281261D72E1004B846E /* CRUD_Tests.swift in Sources */,
				AEE23D14260A729100AABD40 /* harr2890_projectTests.swift in Sources */,
				AE6E54C0260B0B5E004CE1EB /* AddItemVCTests.swift in Sources */,
			);
			runOnlyForDeploymentPostprocessing = 0;
		};
/* End PBXSourcesBuildPhase section */

/* Begin PBXTargetDependency section */
		AEE23D11260A729100AABD40 /* PBXTargetDependency */ = {
			isa = PBXTargetDependency;
			target = AEE23CF5260A729000AABD40 /* harr2890_project */;
			targetProxy = AEE23D10260A729100AABD40 /* PBXContainerItemProxy */;
		};
/* End PBXTargetDependency section */

/* Begin PBXVariantGroup section */
		AEE23CFF260A729000AABD40 /* Main.storyboard */ = {
			isa = PBXVariantGroup;
			children = (
				AEE23D00260A729000AABD40 /* Base */,
			);
			name = Main.storyboard;
			sourceTree = "<group>";
		};
		AEE23D07260A729000AABD40 /* LaunchScreen.storyboard */ = {
			isa = PBXVariantGroup;
			children = (
				AEE23D08260A729000AABD40 /* Base */,
			);
			name = LaunchScreen.storyboard;
			sourceTree = "<group>";
		};
/* End PBXVariantGroup section */

/* Begin XCBuildConfiguration section */
		AEE23D21260A729100AABD40 /* Debug */ = {
			isa = XCBuildConfiguration;
			buildSettings = {
				ALWAYS_SEARCH_USER_PATHS = NO;
				CLANG_ANALYZER_NONNULL = YES;
				CLANG_ANALYZER_NUMBER_OBJECT_CONVERSION = YES_AGGRESSIVE;
				CLANG_CXX_LANGUAGE_STANDARD = "gnu++14";
				CLANG_CXX_LIBRARY = "libc++";
				CLANG_ENABLE_MODULES = YES;
				CLANG_ENABLE_OBJC_ARC = YES;
				CLANG_ENABLE_OBJC_WEAK = YES;
				CLANG_WARN_BLOCK_CAPTURE_AUTORELEASING = YES;
				CLANG_WARN_BOOL_CONVERSION = YES;
				CLANG_WARN_COMMA = YES;
				CLANG_WARN_CONSTANT_CONVERSION = YES;
				CLANG_WARN_DEPRECATED_OBJC_IMPLEMENTATIONS = YES;
				CLANG_WARN_DIRECT_OBJC_ISA_USAGE = YES_ERROR;
				CLANG_WARN_DOCUMENTATION_COMMENTS = YES;
				CLANG_WARN_EMPTY_BODY = YES;
				CLANG_WARN_ENUM_CONVERSION = YES;
				CLANG_WARN_INFINITE_RECURSION = YES;
				CLANG_WARN_INT_CONVERSION = YES;
				CLANG_WARN_NON_LITERAL_NULL_CONVERSION = YES;
				CLANG_WARN_OBJC_IMPLICIT_RETAIN_SELF = YES;
				CLANG_WARN_OBJC_LITERAL_CONVERSION = YES;
				CLANG_WARN_OBJC_ROOT_CLASS = YES_ERROR;
				CLANG_WARN_QUOTED_INCLUDE_IN_FRAMEWORK_HEADER = YES;
				CLANG_WARN_RANGE_LOOP_ANALYSIS = YES;
				CLANG_WARN_STRICT_PROTOTYPES = YES;
				CLANG_WARN_SUSPICIOUS_MOVE = YES;
				CLANG_WARN_UNGUARDED_AVAILABILITY = YES_AGGRESSIVE;
				CLANG_WARN_UNREACHABLE_CODE = YES;
				CLANG_WARN__DUPLICATE_METHOD_MATCH = YES;
				COPY_PHASE_STRIP = NO;
				DEBUG_INFORMATION_FORMAT = dwarf;
				ENABLE_STRICT_OBJC_MSGSEND = YES;
				ENABLE_TESTABILITY = YES;
				GCC_C_LANGUAGE_STANDARD = gnu11;
				GCC_DYNAMIC_NO_PIC = NO;
				GCC_NO_COMMON_BLOCKS = YES;
				GCC_OPTIMIZATION_LEVEL = 0;
				GCC_PREPROCESSOR_DEFINITIONS = (
					"DEBUG=1",
					"$(inherited)",
				);
				GCC_WARN_64_TO_32_BIT_CONVERSION = YES;
				GCC_WARN_ABOUT_RETURN_TYPE = YES_ERROR;
				GCC_WARN_UNDECLARED_SELECTOR = YES;
				GCC_WARN_UNINITIALIZED_AUTOS = YES_AGGRESSIVE;
				GCC_WARN_UNUSED_FUNCTION = YES;
				GCC_WARN_UNUSED_VARIABLE = YES;
				IPHONEOS_DEPLOYMENT_TARGET = 14.3;
				MTL_ENABLE_DEBUG_INFO = INCLUDE_SOURCE;
				MTL_FAST_MATH = YES;
				ONLY_ACTIVE_ARCH = YES;
				SDKROOT = iphoneos;
				SWIFT_ACTIVE_COMPILATION_CONDITIONS = DEBUG;
				SWIFT_OPTIMIZATION_LEVEL = "-Onone";
			};
			name = Debug;
		};
		AEE23D22260A729100AABD40 /* Release */ = {
			isa = XCBuildConfiguration;
			buildSettings = {
				ALWAYS_SEARCH_USER_PATHS = NO;
				CLANG_ANALYZER_NONNULL = YES;
				CLANG_ANALYZER_NUMBER_OBJECT_CONVERSION = YES_AGGRESSIVE;
				CLANG_CXX_LANGUAGE_STANDARD = "gnu++14";
				CLANG_CXX_LIBRARY = "libc++";
				CLANG_ENABLE_MODULES = YES;
				CLANG_ENABLE_OBJC_ARC = YES;
				CLANG_ENABLE_OBJC_WEAK = YES;
				CLANG_WARN_BLOCK_CAPTURE_AUTORELEASING = YES;
				CLANG_WARN_BOOL_CONVERSION = YES;
				CLANG_WARN_COMMA = YES;
				CLANG_WARN_CONSTANT_CONVERSION = YES;
				CLANG_WARN_DEPRECATED_OBJC_IMPLEMENTATIONS = YES;
				CLANG_WARN_DIRECT_OBJC_ISA_USAGE = YES_ERROR;
				CLANG_WARN_DOCUMENTATION_COMMENTS = YES;
				CLANG_WARN_EMPTY_BODY = YES;
				CLANG_WARN_ENUM_CONVERSION = YES;
				CLANG_WARN_INFINITE_RECURSION = YES;
				CLANG_WARN_INT_CONVERSION = YES;
				CLANG_WARN_NON_LITERAL_NULL_CONVERSION = YES;
				CLANG_WARN_OBJC_IMPLICIT_RETAIN_SELF = YES;
				CLANG_WARN_OBJC_LITERAL_CONVERSION = YES;
				CLANG_WARN_OBJC_ROOT_CLASS = YES_ERROR;
				CLANG_WARN_QUOTED_INCLUDE_IN_FRAMEWORK_HEADER = YES;
				CLANG_WARN_RANGE_LOOP_ANALYSIS = YES;
				CLANG_WARN_STRICT_PROTOTYPES = YES;
				CLANG_WARN_SUSPICIOUS_MOVE = YES;
				CLANG_WARN_UNGUARDED_AVAILABILITY = YES_AGGRESSIVE;
				CLANG_WARN_UNREACHABLE_CODE = YES;
				CLANG_WARN__DUPLICATE_METHOD_MATCH = YES;
				COPY_PHASE_STRIP = NO;
				DEBUG_INFORMATION_FORMAT = "dwarf-with-dsym";
				ENABLE_NS_ASSERTIONS = NO;
				ENABLE_STRICT_OBJC_MSGSEND = YES;
				GCC_C_LANGUAGE_STANDARD = gnu11;
				GCC_NO_COMMON_BLOCKS = YES;
				GCC_WARN_64_TO_32_BIT_CONVERSION = YES;
				GCC_WARN_ABOUT_RETURN_TYPE = YES_ERROR;
				GCC_WARN_UNDECLARED_SELECTOR = YES;
				GCC_WARN_UNINITIALIZED_AUTOS = YES_AGGRESSIVE;
				GCC_WARN_UNUSED_FUNCTION = YES;
				GCC_WARN_UNUSED_VARIABLE = YES;
				IPHONEOS_DEPLOYMENT_TARGET = 14.3;
				MTL_ENABLE_DEBUG_INFO = NO;
				MTL_FAST_MATH = YES;
				SDKROOT = iphoneos;
				SWIFT_COMPILATION_MODE = wholemodule;
				SWIFT_OPTIMIZATION_LEVEL = "-O";
				VALIDATE_PRODUCT = YES;
			};
			name = Release;
		};
		AEE23D24260A729100AABD40 /* Debug */ = {
			isa = XCBuildConfiguration;
			buildSettings = {
				ASSETCATALOG_COMPILER_APPICON_NAME = AppIcon;
				ASSETCATALOG_COMPILER_GLOBAL_ACCENT_COLOR_NAME = AccentColor;
				CLANG_ENABLE_MODULES = YES;
				CODE_SIGN_STYLE = Automatic;
				CURRENT_PROJECT_VERSION = 2;
				DEVELOPMENT_ASSET_PATHS = "";
				DEVELOPMENT_TEAM = BYQ4H97ADA;
				INFOPLIST_FILE = harr2890_project/Info.plist;
				LD_RUNPATH_SEARCH_PATHS = (
					"$(inherited)",
					"@executable_path/Frameworks",
				);
				PRODUCT_BUNDLE_IDENTIFIER = "ca.wlu.harr2890-project";
				PRODUCT_NAME = "$(TARGET_NAME)";
				SWIFT_OBJC_BRIDGING_HEADER = "harr2890_project/harr2890_project-Bridging-Header.h";
				SWIFT_OPTIMIZATION_LEVEL = "-Onone";
				SWIFT_VERSION = 5.0;
				TARGETED_DEVICE_FAMILY = "1,2";
			};
			name = Debug;
		};
		AEE23D25260A729100AABD40 /* Release */ = {
			isa = XCBuildConfiguration;
			buildSettings = {
				ASSETCATALOG_COMPILER_APPICON_NAME = AppIcon;
				ASSETCATALOG_COMPILER_GLOBAL_ACCENT_COLOR_NAME = AccentColor;
				CLANG_ENABLE_MODULES = YES;
				CODE_SIGN_STYLE = Automatic;
				CURRENT_PROJECT_VERSION = 2;
				DEVELOPMENT_ASSET_PATHS = "";
				DEVELOPMENT_TEAM = BYQ4H97ADA;
				INFOPLIST_FILE = harr2890_project/Info.plist;
				LD_RUNPATH_SEARCH_PATHS = (
					"$(inherited)",
					"@executable_path/Frameworks",
				);
				PRODUCT_BUNDLE_IDENTIFIER = "ca.wlu.harr2890-project";
				PRODUCT_NAME = "$(TARGET_NAME)";
				SWIFT_OBJC_BRIDGING_HEADER = "harr2890_project/harr2890_project-Bridging-Header.h";
				SWIFT_VERSION = 5.0;
				TARGETED_DEVICE_FAMILY = "1,2";
			};
			name = Release;
		};
		AEE23D27260A729100AABD40 /* Debug */ = {
			isa = XCBuildConfiguration;
			buildSettings = {
				ALWAYS_EMBED_SWIFT_STANDARD_LIBRARIES = YES;
				BUNDLE_LOADER = "$(TEST_HOST)";
				CODE_SIGN_STYLE = Automatic;
				DEVELOPMENT_TEAM = BYQ4H97ADA;
				INFOPLIST_FILE = harr2890_projectTests/Info.plist;
				IPHONEOS_DEPLOYMENT_TARGET = 14.3;
				LD_RUNPATH_SEARCH_PATHS = (
					"$(inherited)",
					"@executable_path/Frameworks",
					"@loader_path/Frameworks",
				);
				PRODUCT_BUNDLE_IDENTIFIER = "ca.wlu.harr2890-projectTests";
				PRODUCT_NAME = "$(TARGET_NAME)";
				SWIFT_VERSION = 5.0;
				TARGETED_DEVICE_FAMILY = "1,2";
				TEST_HOST = "$(BUILT_PRODUCTS_DIR)/harr2890_project.app/harr2890_project";
			};
			name = Debug;
		};
		AEE23D28260A729100AABD40 /* Release */ = {
			isa = XCBuildConfiguration;
			buildSettings = {
				ALWAYS_EMBED_SWIFT_STANDARD_LIBRARIES = YES;
				BUNDLE_LOADER = "$(TEST_HOST)";
				CODE_SIGN_STYLE = Automatic;
				DEVELOPMENT_TEAM = BYQ4H97ADA;
				INFOPLIST_FILE = harr2890_projectTests/Info.plist;
				IPHONEOS_DEPLOYMENT_TARGET = 14.3;
				LD_RUNPATH_SEARCH_PATHS = (
					"$(inherited)",
					"@executable_path/Frameworks",
					"@loader_path/Frameworks",
				);
				PRODUCT_BUNDLE_IDENTIFIER = "ca.wlu.harr2890-projectTests";
				PRODUCT_NAME = "$(TARGET_NAME)";
				SWIFT_VERSION = 5.0;
				TARGETED_DEVICE_FAMILY = "1,2";
				TEST_HOST = "$(BUILT_PRODUCTS_DIR)/harr2890_project.app/harr2890_project";
			};
			name = Release;
		};
/* End XCBuildConfiguration section */

/* Begin XCConfigurationList section */
		AEE23CF1260A729000AABD40 /* Build configuration list for PBXProject "harr2890_project" */ = {
			isa = XCConfigurationList;
			buildConfigurations = (
				AEE23D21260A729100AABD40 /* Debug */,
				AEE23D22260A729100AABD40 /* Release */,
			);
			defaultConfigurationIsVisible = 0;
			defaultConfigurationName = Release;
		};
		AEE23D23260A729100AABD40 /* Build configuration list for PBXNativeTarget "harr2890_project" */ = {
			isa = XCConfigurationList;
			buildConfigurations = (
				AEE23D24260A729100AABD40 /* Debug */,
				AEE23D25260A729100AABD40 /* Release */,
			);
			defaultConfigurationIsVisible = 0;
			defaultConfigurationName = Release;
		};
		AEE23D26260A729100AABD40 /* Build configuration list for PBXNativeTarget "harr2890_projectTests" */ = {
			isa = XCConfigurationList;
			buildConfigurations = (
				AEE23D27260A729100AABD40 /* Debug */,
				AEE23D28260A729100AABD40 /* Release */,
			);
			defaultConfigurationIsVisible = 0;
			defaultConfigurationName = Release;
		};
/* End XCConfigurationList section */

/* Begin XCVersionGroup section */
		AEE23D02260A729000AABD40 /* harr2890_project.xcdatamodeld */ = {
			isa = XCVersionGroup;
			children = (
				AEE23D03260A729000AABD40 /* harr2890_project.xcdatamodel */,
			);
			currentVersion = AEE23D03260A729000AABD40 /* harr2890_project.xcdatamodel */;
			path = harr2890_project.xcdatamodeld;
			sourceTree = "<group>";
			versionGroupType = wrapper.xcdatamodel;
		};
/* End XCVersionGroup section */
	};
	rootObject = AEE23CEE260A729000AABD40 /* Project object */;
}
